
Microsoft Visual Studio Solution File, Format Version 12.00
# Visual Studio Version 17
VisualStudioVersion = 17.11.35303.130
MinimumVisualStudioVersion = 10.0.40219.1
Project("{9A19103F-16F7-4668-BE54-9A1E7A4F7556}") = "SmolHatchling", "Owen013.TeenyHatchling\SmolHatchling.csproj", "{5498007B-7F21-4E50-96C9-F3150F0C08C5}"
EndProject
Global
	GlobalSection(SolutionConfigurationPlatforms) = preSolution
		Debug|Any CPU = Debug|Any CPU
		Release|Any CPU = Release|Any CPU
	EndGlobalSection
	GlobalSection(ProjectConfigurationPlatforms) = postSolution
		{5498007B-7F21-4E50-96C9-F3150F0C08C5}.Debug|Any CPU.ActiveCfg = Debug|Any CPU
		{5498007B-7F21-4E50-96C9-F3150F0C08C5}.Debug|Any CPU.Build.0 = Debug|Any CPU
		{5498007B-7F21-4E50-96C9-F3150F0C08C5}.Release|Any CPU.ActiveCfg = Release|Any CPU
		{5498007B-7F21-4E50-96C9-F3150F0C08C5}.Release|Any CPU.Build.0 = Release|Any CPU
	EndGlobalSection
	GlobalSection(SolutionProperties) = preSolution
		HideSolutionNode = FALSE
	EndGlobalSection
	GlobalSection(ExtensibilityGlobals) = postSolution
		SolutionGuid = {D02E56AD-A407-410A-85AC-72E950671399}
	EndGlobalSection
EndGlobal
